
Microsoft Visual Studio Solution File, Format Version 12.00
# Visual Studio Version 16
VisualStudioVersion = 16.0.29920.165
MinimumVisualStudioVersion = 10.0.40219.1
Project("{FAE04EC0-301F-11D3-BF4B-00C04F79EFBC}") = "QuotesAPI", "QuotesAPI\QuotesAPI.csproj", "{4E4534D4-AFBA-4A87-829B-9DE2943C4EB1}"
EndProject
Project("{FAE04EC0-301F-11D3-BF4B-00C04F79EFBC}") = "QuotesWebAPI", "QuotesWebAPI\QuotesWebAPI.csproj", "{011FDCD9-51D3-4709-B64E-C1DE418A3484}"
EndProject
Global
	GlobalSection(SolutionConfigurationPlatforms) = preSolution
		Debug|Any CPU = Debug|Any CPU
		Release|Any CPU = Release|Any CPU
	EndGlobalSection
	GlobalSection(ProjectConfigurationPlatforms) = postSolution
		{4E4534D4-AFBA-4A87-829B-9DE2943C4EB1}.Debug|Any CPU.ActiveCfg = Debug|Any CPU
		{4E4534D4-AFBA-4A87-829B-9DE2943C4EB1}.Debug|Any CPU.Build.0 = Debug|Any CPU
		{4E4534D4-AFBA-4A87-829B-9DE2943C4EB1}.Release|Any CPU.ActiveCfg = Release|Any CPU
		{4E4534D4-AFBA-4A87-829B-9DE2943C4EB1}.Release|Any CPU.Build.0 = Release|Any CPU
		{011FDCD9-51D3-4709-B64E-C1DE418A3484}.Debug|Any CPU.ActiveCfg = Debug|Any CPU
		{011FDCD9-51D3-4709-B64E-C1DE418A3484}.Debug|Any CPU.Build.0 = Debug|Any CPU
		{011FDCD9-51D3-4709-B64E-C1DE418A3484}.Release|Any CPU.ActiveCfg = Release|Any CPU
		{011FDCD9-51D3-4709-B64E-C1DE418A3484}.Release|Any CPU.Build.0 = Release|Any CPU
	EndGlobalSection
	GlobalSection(SolutionProperties) = preSolution
		HideSolutionNode = FALSE
	EndGlobalSection
	GlobalSection(ExtensibilityGlobals) = postSolution
		SolutionGuid = {72F82D38-0F59-4852-B9A1-4FB7A3DCC554}
	EndGlobalSection
EndGlobal
